
Microsoft Visual Studio Solution File, Format Version 12.00
# Visual Studio 15
VisualStudioVersion = 15.0.27130.2027
MinimumVisualStudioVersion = 10.0.40219.1
Project("{FAE04EC0-301F-11D3-BF4B-00C04F79EFBC}") = "ProgrammerSimulation", "ProgrammerSimulation\ProgrammerSimulation.csproj", "{502FC7E5-AFDE-4E28-8CCD-8ED742A43B70}"
EndProject
Global
	GlobalSection(SolutionConfigurationPlatforms) = preSolution
		Debug|Any CPU = Debug|Any CPU
		Release|Any CPU = Release|Any CPU
	EndGlobalSection
	GlobalSection(ProjectConfigurationPlatforms) = postSolution
		{502FC7E5-AFDE-4E28-8CCD-8ED742A43B70}.Debug|Any CPU.ActiveCfg = Debug|Any CPU
		{502FC7E5-AFDE-4E28-8CCD-8ED742A43B70}.Debug|Any CPU.Build.0 = Debug|Any CPU
		{502FC7E5-AFDE-4E28-8CCD-8ED742A43B70}.Release|Any CPU.ActiveCfg = Release|Any CPU
		{502FC7E5-AFDE-4E28-8CCD-8ED742A43B70}.Release|Any CPU.Build.0 = Release|Any CPU
	EndGlobalSection
	GlobalSection(SolutionProperties) = preSolution
		HideSolutionNode = FALSE
	EndGlobalSection
	GlobalSection(ExtensibilityGlobals) = postSolution
		SolutionGuid = {2F07F453-80FC-47DA-9E00-322F4A7E5558}
	EndGlobalSection
EndGlobal
